<?xml version="1.0" encoding="utf-8"?>
<Project ToolsVersion="4.0" xmlns="http://schemas.microsoft.com/developer/msbuild/2003">
  <ItemGroup>
    <Filter Include="ソース ファイル">
      <UniqueIdentifier>{4FC737F1-C7A5-4376-A066-2A32D752A2FF}</UniqueIdentifier>
      <Extensions>cpp;c;cc;cxx;def;odl;idl;hpj;bat;asm;asmx</Extensions>
    </Filter>
    <Filter Include="ヘッダー ファイル">
      <UniqueIdentifier>{93995380-89BD-4b04-88EB-625FBE52EBFB}</UniqueIdentifier>
      <Extensions>h;hh;hpp;hxx;hm;inl;inc;xsd</Extensions>
    </Filter>
    <Filter Include="リソース ファイル">
      <UniqueIdentifier>{67DA6AB6-F800-4c08-8B7A-83BB121AAD01}</UniqueIdentifier>
      <Extensions>rc;ico;cur;bmp;dlg;rc2;rct;bin;rgs;gif;jpg;jpeg;jpe;resx;tiff;tif;png;wav;mfcribbon-ms</Extensions>
    </Filter>
    <Filter Include="DX11">
      <UniqueIdentifier>{13127362-663e-4fde-881d-63cb049cbb47}</UniqueIdentifier>
    </Filter>
    <Filter Include="DX11\cpp">
      <UniqueIdentifier>{b768cb0e-3621-4424-a4fa-89a1eba1528f}</UniqueIdentifier>
    </Filter>
    <Filter Include="DX11\h">
      <UniqueIdentifier>{82ea322a-4c28-424d-802f-e784f5de6b1a}</UniqueIdentifier>
    </Filter>
    <Filter Include="DX11\Shader">
      <UniqueIdentifier>{74273f43-51fd-4d09-9614-a54dff68699f}</UniqueIdentifier>
    </Filter>
  </ItemGroup>
  <ItemGroup>
    <ClInclude Include="Source\DX_LIBRARY\DX_2DObject.h">
      <Filter>DX11\h</Filter>
    </ClInclude>
    <ClInclude Include="Source\DX_LIBRARY\DX_Audio.h">
      <Filter>DX11\h</Filter>
    </ClInclude>
    <ClInclude Include="Source\DX_LIBRARY\DX_Buffer.h">
      <Filter>DX11\h</Filter>
    </ClInclude>
    <ClInclude Include="Source\DX_LIBRARY\DX_Collider.h">
      <Filter>DX11\h</Filter>
    </ClInclude>
    <ClInclude Include="Source\DX_LIBRARY\DX_ComputeShader.h">
      <Filter>DX11\h</Filter>
    </ClInclude>
    <ClInclude Include="Source\DX_LIBRARY\DX_Debug.h">
      <Filter>DX11\h</Filter>
    </ClInclude>
    <ClInclude Include="Source\DX_LIBRARY\DX_Font.h">
      <Filter>DX11\h</Filter>
    </ClInclude>
    <ClInclude Include="Source\DX_LIBRARY\DX_FrameWork.h">
      <Filter>DX11\h</Filter>
    </ClInclude>
    <ClInclude Include="Source\DX_LIBRARY\DX_GameObject.h">
      <Filter>DX11\h</Filter>
    </ClInclude>
    <ClInclude Include="Source\DX_LIBRARY\DX_GeometryShader.h">
      <Filter>DX11\h</Filter>
    </ClInclude>
    <ClInclude Include="Source\DX_LIBRARY\DX_Graphics.h">
      <Filter>DX11\h</Filter>
    </ClInclude>
    <ClInclude Include="Source\DX_LIBRARY\DX_Input.h">
      <Filter>DX11\h</Filter>
    </ClInclude>
    <ClInclude Include="Source\DX_LIBRARY\DX_InputDefines.h">
      <Filter>DX11\h</Filter>
    </ClInclude>
    <ClInclude Include="Source\DX_LIBRARY\DX_InstanceMesh.h">
      <Filter>DX11\h</Filter>
    </ClInclude>
    <ClInclude Include="Source\DX_LIBRARY\DX_InstanceSkinMesh.h">
      <Filter>DX11\h</Filter>
    </ClInclude>
    <ClInclude Include="Source\DX_LIBRARY\DX_Library.h">
      <Filter>DX11\h</Filter>
    </ClInclude>
    <ClInclude Include="Source\DX_LIBRARY\DX_Lighting.h">
      <Filter>DX11\h</Filter>
    </ClInclude>
    <ClInclude Include="Source\DX_LIBRARY\DX_Mesh.h">
      <Filter>DX11\h</Filter>
    </ClInclude>
    <ClInclude Include="Source\DX_LIBRARY\DX_Particle.h">
      <Filter>DX11\h</Filter>
    </ClInclude>
    <ClInclude Include="Source\DX_LIBRARY\DX_PixelShader.h">
      <Filter>DX11\h</Filter>
    </ClInclude>
    <ClInclude Include="Source\DX_LIBRARY\DX_RenderState.h">
      <Filter>DX11\h</Filter>
    </ClInclude>
    <ClInclude Include="Source\DX_LIBRARY\DX_Resource.h">
      <Filter>DX11\h</Filter>
    </ClInclude>
    <ClInclude Include="Source\DX_LIBRARY\DX_ResourceManager.h">
      <Filter>DX11\h</Filter>
    </ClInclude>
    <ClInclude Include="Source\DX_LIBRARY\DX_Scene.h">
      <Filter>DX11\h</Filter>
    </ClInclude>
    <ClInclude Include="Source\DX_LIBRARY\DX_SceneManager.h">
      <Filter>DX11\h</Filter>
    </ClInclude>
    <ClInclude Include="Source\DX_LIBRARY\DX_Shader.h">
      <Filter>DX11\h</Filter>
    </ClInclude>
    <ClInclude Include="Source\DX_LIBRARY\DX_ShaderManager.h">
      <Filter>DX11\h</Filter>
    </ClInclude>
    <ClInclude Include="Source\DX_LIBRARY\DX_SkinMesh.h">
      <Filter>DX11\h</Filter>
    </ClInclude>
    <ClInclude Include="Source\DX_LIBRARY\DX_System.h">
      <Filter>DX11\h</Filter>
    </ClInclude>
    <ClInclude Include="Source\DX_LIBRARY\DX_Texture.h">
      <Filter>DX11\h</Filter>
    </ClInclude>
    <ClInclude Include="Source\DX_LIBRARY\DX_VertexShader.h">
      <Filter>DX11\h</Filter>
    </ClInclude>
    <ClInclude Include="Source\DX_LIBRARY\DX_View.h">
      <Filter>DX11\h</Filter>
    </ClInclude>
    <ClInclude Include="Source\DX_LIBRARY\DX_XInput.h">
      <Filter>DX11\h</Filter>
    </ClInclude>
    <ClInclude Include="Source\user_helper_class\ALManager.h">
      <Filter>ソース ファイル</Filter>
    </ClInclude>
    <ClInclude Include="Source\user_helper_class\AutoProfile.h">
      <Filter>ソース ファイル</Filter>
    </ClInclude>
    <ClInclude Include="Source\user_helper_class\oggmanager.h">
      <Filter>ソース ファイル</Filter>
    </ClInclude>
    <ClInclude Include="Source\user_helper_class\WAVManager.h">
      <Filter>ソース ファイル</Filter>
    </ClInclude>
    <ClInclude Include="Source\ModelLoader\IEMLoader.h">
      <Filter>ソース ファイル</Filter>
    </ClInclude>
    <ClInclude Include="Source\ModelLoader\imoloader.h">
      <Filter>ソース ファイル</Filter>
    </ClInclude>
    <ClInclude Include="Source\SceneMain.h">
      <Filter>ソース ファイル</Filter>
    </ClInclude>
    <ClInclude Include="Source\Bullet.h">
      <Filter>ソース ファイル</Filter>
    </ClInclude>
    <ClInclude Include="Source\BulletManager.h">
      <Filter>ソース ファイル</Filter>
    </ClInclude>
    <ClInclude Include="Source\DX_LIBRARY\DX_Collider2D.h">
      <Filter>DX11\h</Filter>
    </ClInclude>
    <ClInclude Include="Source\DX_LIBRARY\DX_Collider3D.h">
      <Filter>DX11\h</Filter>
    </ClInclude>
    <ClInclude Include="Source\CircularBarrage.h">
      <Filter>ソース ファイル</Filter>
    </ClInclude>
  </ItemGroup>
  <ItemGroup>
    <ClCompile Include="Source\DX_LIBRARY\DX_2DObject.cpp">
      <Filter>DX11\cpp</Filter>
    </ClCompile>
    <ClCompile Include="Source\DX_LIBRARY\DX_Audio.cpp">
      <Filter>DX11\cpp</Filter>
    </ClCompile>
    <ClCompile Include="Source\DX_LIBRARY\DX_Buffer.cpp">
      <Filter>DX11\cpp</Filter>
    </ClCompile>
    <ClCompile Include="Source\DX_LIBRARY\DX_ComputeShader.cpp">
      <Filter>DX11\cpp</Filter>
    </ClCompile>
    <ClCompile Include="Source\DX_LIBRARY\DX_Debug.cpp">
      <Filter>DX11\cpp</Filter>
    </ClCompile>
    <ClCompile Include="Source\DX_LIBRARY\DX_Font.cpp">
      <Filter>DX11\cpp</Filter>
    </ClCompile>
    <ClCompile Include="Source\DX_LIBRARY\DX_GeometryShader.cpp">
      <Filter>DX11\cpp</Filter>
    </ClCompile>
    <ClCompile Include="Source\DX_LIBRARY\DX_Graphics.cpp">
      <Filter>DX11\cpp</Filter>
    </ClCompile>
    <ClCompile Include="Source\DX_LIBRARY\DX_Input.cpp">
      <Filter>DX11\cpp</Filter>
    </ClCompile>
    <ClCompile Include="Source\DX_LIBRARY\DX_InstanceMesh.cpp">
      <Filter>DX11\cpp</Filter>
    </ClCompile>
    <ClCompile Include="Source\DX_LIBRARY\DX_instanceSkinMesh.cpp">
      <Filter>DX11\cpp</Filter>
    </ClCompile>
    <ClCompile Include="Source\DX_LIBRARY\DX_Lighting.cpp">
      <Filter>DX11\cpp</Filter>
    </ClCompile>
    <ClCompile Include="Source\DX_LIBRARY\DX_Mesh.cpp">
      <Filter>DX11\cpp</Filter>
    </ClCompile>
    <ClCompile Include="Source\DX_LIBRARY\DX_Particle.cpp">
      <Filter>DX11\cpp</Filter>
    </ClCompile>
    <ClCompile Include="Source\DX_LIBRARY\DX_PixelShader.cpp">
      <Filter>DX11\cpp</Filter>
    </ClCompile>
    <ClCompile Include="Source\DX_LIBRARY\DX_RenderState.cpp">
      <Filter>DX11\cpp</Filter>
    </ClCompile>
    <ClCompile Include="Source\DX_LIBRARY\DX_Resource.cpp">
      <Filter>DX11\cpp</Filter>
    </ClCompile>
    <ClCompile Include="Source\DX_LIBRARY\DX_ResourceManager.cpp">
      <Filter>DX11\cpp</Filter>
    </ClCompile>
    <ClCompile Include="Source\DX_LIBRARY\DX_SceneManager.cpp">
      <Filter>DX11\cpp</Filter>
    </ClCompile>
    <ClCompile Include="Source\DX_LIBRARY\DX_Shader.cpp">
      <Filter>DX11\cpp</Filter>
    </ClCompile>
    <ClCompile Include="Source\DX_LIBRARY\DX_ShaderManager.cpp">
      <Filter>DX11\cpp</Filter>
    </ClCompile>
    <ClCompile Include="Source\DX_LIBRARY\DX_SkinMesh.cpp">
      <Filter>DX11\cpp</Filter>
    </ClCompile>
    <ClCompile Include="Source\DX_LIBRARY\DX_System.cpp">
      <Filter>DX11\cpp</Filter>
    </ClCompile>
    <ClCompile Include="Source\DX_LIBRARY\DX_Texture.cpp">
      <Filter>DX11\cpp</Filter>
    </ClCompile>
    <ClCompile Include="Source\DX_LIBRARY\DX_VertexShader.cpp">
      <Filter>DX11\cpp</Filter>
    </ClCompile>
    <ClCompile Include="Source\DX_LIBRARY\DX_View.cpp">
      <Filter>DX11\cpp</Filter>
    </ClCompile>
    <ClCompile Include="Source\DX_LIBRARY\DX_XInput.cpp">
      <Filter>DX11\cpp</Filter>
    </ClCompile>
    <ClCompile Include="Source\user_helper_class\ALManager.cpp">
      <Filter>ソース ファイル</Filter>
    </ClCompile>
    <ClCompile Include="Source\user_helper_class\AutoProfile.cpp">
      <Filter>ソース ファイル</Filter>
    </ClCompile>
    <ClCompile Include="Source\user_helper_class\OGGManager.cpp">
      <Filter>ソース ファイル</Filter>
    </ClCompile>
    <ClCompile Include="Source\user_helper_class\WAVManager.cpp">
      <Filter>ソース ファイル</Filter>
    </ClCompile>
    <ClCompile Include="Source\ModelLoader\IEMLoader.cpp">
      <Filter>ソース ファイル</Filter>
    </ClCompile>
    <ClCompile Include="Source\ModelLoader\IMOLoader.cpp">
      <Filter>ソース ファイル</Filter>
    </ClCompile>
    <ClCompile Include="Source\SceneMain.cpp">
      <Filter>ソース ファイル</Filter>
    </ClCompile>
    <ClCompile Include="Source\DX_LIBRARY\DX_FrameWork.cpp">
      <Filter>DX11\cpp</Filter>
    </ClCompile>
    <ClCompile Include="Source\Bullet.cpp">
      <Filter>ソース ファイル</Filter>
    </ClCompile>
    <ClCompile Include="Source\BulletManager.cpp">
      <Filter>ソース ファイル</Filter>
    </ClCompile>
    <ClCompile Include="Source\DX_LIBRARY\DX_ColliderManager.cpp">
      <Filter>DX11\cpp</Filter>
    </ClCompile>
    <ClCompile Include="Source\DX_LIBRARY\DX_GameObject.cpp">
      <Filter>DX11\cpp</Filter>
    </ClCompile>
    <ClCompile Include="Source\CircularBarrage.cpp">
      <Filter>ソース ファイル</Filter>
    </ClCompile>
  </ItemGroup>
  <ItemGroup>
    <None Include="ShaderFile\CS_InstanceMesh.hlsl" />
    <None Include="ShaderFile\CS_InstanceSkinMesh.hlsl" />
    <None Include="ShaderFile\CS_Particle.hlsl" />
    <None Include="ShaderFile\GS_3DObject.hlsl" />
    <None Include="ShaderFile\GS_CubeMap.hlsl" />
    <None Include="ShaderFile\GS_Particle.hlsl" />
    <None Include="ShaderFile\GS_RayPick.hlsl" />
    <None Include="ShaderFile\PS_2DObject.hlsl" />
    <None Include="ShaderFile\PS_3DObject.hlsl" />
    <None Include="ShaderFile\PS_Instancing.hlsl" />
    <None Include="ShaderFile\PS_Particle.hlsl" />
    <None Include="ShaderFile\PS_ShadowMap.hlsl" />
    <None Include="ShaderFile\VS_2DObject.hlsl" />
    <None Include="ShaderFile\VS_3DObject.hlsl" />
    <None Include="ShaderFile\VS_CubeMap.hlsl" />
    <None Include="ShaderFile\VS_InstanceMesh.hlsl" />
    <None Include="ShaderFile\VS_Instancing.hlsl" />
    <None Include="ShaderFile\VS_Particle.hlsl" />
    <None Include="ShaderFile\VS_ShadowMap.hlsl" />
    <None Include="ShaderFile\VS_SkinMesh.hlsl" />
  </ItemGroup>
</Project>