<?xml version="1.0" encoding="utf-8"?>
<Project ToolsVersion="4.0" xmlns="http://schemas.microsoft.com/developer/msbuild/2003">
  <ItemGroup>
    <Filter Include="ソース ファイル">
      <UniqueIdentifier>{4FC737F1-C7A5-4376-A066-2A32D752A2FF}</UniqueIdentifier>
      <Extensions>cpp;c;cc;cxx;def;odl;idl;hpj;bat;asm;asmx</Extensions>
    </Filter>
    <Filter Include="ヘッダー ファイル">
      <UniqueIdentifier>{93995380-89BD-4b04-88EB-625FBE52EBFB}</UniqueIdentifier>
      <Extensions>h;hh;hpp;hxx;hm;inl;inc;xsd</Extensions>
    </Filter>
    <Filter Include="リソース ファイル">
      <UniqueIdentifier>{67DA6AB6-F800-4c08-8B7A-83BB121AAD01}</UniqueIdentifier>
      <Extensions>rc;ico;cur;bmp;dlg;rc2;rct;bin;rgs;gif;jpg;jpeg;jpe;resx;tiff;tif;png;wav;mfcribbon-ms</Extensions>
    </Filter>
    <Filter Include="ソース ファイル\DX11">
      <UniqueIdentifier>{13127362-663e-4fde-881d-63cb049cbb47}</UniqueIdentifier>
    </Filter>
    <Filter Include="ソース ファイル\DX11\cpp">
      <UniqueIdentifier>{b768cb0e-3621-4424-a4fa-89a1eba1528f}</UniqueIdentifier>
    </Filter>
    <Filter Include="ソース ファイル\DX11\h">
      <UniqueIdentifier>{82ea322a-4c28-424d-802f-e784f5de6b1a}</UniqueIdentifier>
    </Filter>
    <Filter Include="ソース ファイル\Shader">
      <UniqueIdentifier>{005e2767-eba7-48d5-bddb-3e0fccec12e2}</UniqueIdentifier>
    </Filter>
    <Filter Include="ソース ファイル\Games">
      <UniqueIdentifier>{64b4b67c-dccf-4333-a684-9112eed61e01}</UniqueIdentifier>
    </Filter>
    <Filter Include="ソース ファイル\Games\SceneTitle">
      <UniqueIdentifier>{9234ad86-181a-48f7-8f9a-d0a9d68e60bd}</UniqueIdentifier>
    </Filter>
    <Filter Include="ソース ファイル\Games\SceneMenu">
      <UniqueIdentifier>{604a688a-da9d-44b1-94d5-f5c42c38d13a}</UniqueIdentifier>
    </Filter>
    <Filter Include="ソース ファイル\Games\SceneMain">
      <UniqueIdentifier>{a1b12158-ced0-4f53-b866-556b44574f11}</UniqueIdentifier>
    </Filter>
    <Filter Include="ソース ファイル\Games\SceneMain\Barrage">
      <UniqueIdentifier>{d7ba4b92-cebb-42a7-a089-4585dedcc676}</UniqueIdentifier>
    </Filter>
    <Filter Include="ソース ファイル\Games\SceneMain\Player">
      <UniqueIdentifier>{568408eb-e0cd-4f97-8bf3-0246ea92e477}</UniqueIdentifier>
    </Filter>
    <Filter Include="ソース ファイル\Games\SceneMain\Enemy">
      <UniqueIdentifier>{a360b6af-aea0-4319-82cf-4070615dc6f6}</UniqueIdentifier>
    </Filter>
  </ItemGroup>
  <ItemGroup>
    <ClInclude Include="Source\DxLibrary\DX_Library.h">
      <Filter>ソース ファイル\DX11\h</Filter>
    </ClInclude>
    <ClInclude Include="Source\DxLibrary\DX_2DObject.h">
      <Filter>ソース ファイル\DX11\h</Filter>
    </ClInclude>
    <ClInclude Include="Source\DxLibrary\DX_View.h">
      <Filter>ソース ファイル\DX11\h</Filter>
    </ClInclude>
    <ClInclude Include="Source\DxLibrary\DX_System.h">
      <Filter>ソース ファイル\DX11\h</Filter>
    </ClInclude>
    <ClInclude Include="Source\DxLibrary\DX_Texture.h">
      <Filter>ソース ファイル\DX11\h</Filter>
    </ClInclude>
    <ClInclude Include="Source\DxLibrary\DX_InstanceMesh.h">
      <Filter>ソース ファイル\DX11\h</Filter>
    </ClInclude>
    <ClInclude Include="Source\DxLibrary\DX_SkinMesh.h">
      <Filter>ソース ファイル\DX11\h</Filter>
    </ClInclude>
    <ClInclude Include="Source\DxLibrary\DX_Mesh.h">
      <Filter>ソース ファイル\DX11\h</Filter>
    </ClInclude>
    <ClInclude Include="Source\DxLibrary\DX_ShaderManager.h">
      <Filter>ソース ファイル\DX11\h</Filter>
    </ClInclude>
    <ClInclude Include="Source\DxLibrary\DX_ComputeShader.h">
      <Filter>ソース ファイル\DX11\h</Filter>
    </ClInclude>
    <ClInclude Include="Source\DxLibrary\DX_PixelShader.h">
      <Filter>ソース ファイル\DX11\h</Filter>
    </ClInclude>
    <ClInclude Include="Source\DxLibrary\DX_GeometryShader.h">
      <Filter>ソース ファイル\DX11\h</Filter>
    </ClInclude>
    <ClInclude Include="Source\DxLibrary\DX_VertexShader.h">
      <Filter>ソース ファイル\DX11\h</Filter>
    </ClInclude>
    <ClInclude Include="Source\DxLibrary\DX_Shader.h">
      <Filter>ソース ファイル\DX11\h</Filter>
    </ClInclude>
    <ClInclude Include="Source\DxLibrary\DX_RenderState.h">
      <Filter>ソース ファイル\DX11\h</Filter>
    </ClInclude>
    <ClInclude Include="Source\DxLibrary\DX_Debug.h">
      <Filter>ソース ファイル\DX11\h</Filter>
    </ClInclude>
    <ClInclude Include="Source\DxLibrary\DX_SceneManager.h">
      <Filter>ソース ファイル\DX11\h</Filter>
    </ClInclude>
    <ClInclude Include="Source\DxLibrary\DX_XInput.h">
      <Filter>ソース ファイル\DX11\h</Filter>
    </ClInclude>
    <ClInclude Include="Source\DxLibrary\DX_Scene.h">
      <Filter>ソース ファイル\DX11\h</Filter>
    </ClInclude>
    <ClInclude Include="Source\DxLibrary\DX_ResourceManager.h">
      <Filter>ソース ファイル\DX11\h</Filter>
    </ClInclude>
    <ClInclude Include="Source\DxLibrary\DX_Resource.h">
      <Filter>ソース ファイル\DX11\h</Filter>
    </ClInclude>
    <ClInclude Include="Source\DxLibrary\DX_Particle.h">
      <Filter>ソース ファイル\DX11\h</Filter>
    </ClInclude>
    <ClInclude Include="Source\DxLibrary\DX_Lighting.h">
      <Filter>ソース ファイル\DX11\h</Filter>
    </ClInclude>
    <ClInclude Include="Source\DxLibrary\DX_InstanceSkinMesh.h">
      <Filter>ソース ファイル\DX11\h</Filter>
    </ClInclude>
    <ClInclude Include="Source\DxLibrary\DX_InputDefines.h">
      <Filter>ソース ファイル\DX11\h</Filter>
    </ClInclude>
    <ClInclude Include="Source\DxLibrary\DX_Input.h">
      <Filter>ソース ファイル\DX11\h</Filter>
    </ClInclude>
    <ClInclude Include="Source\DxLibrary\DX_Graphics.h">
      <Filter>ソース ファイル\DX11\h</Filter>
    </ClInclude>
    <ClInclude Include="Source\DxLibrary\DX_GameObject.h">
      <Filter>ソース ファイル\DX11\h</Filter>
    </ClInclude>
    <ClInclude Include="Source\DxLibrary\DX_FrameWork.h">
      <Filter>ソース ファイル\DX11\h</Filter>
    </ClInclude>
    <ClInclude Include="Source\DxLibrary\DX_Font.h">
      <Filter>ソース ファイル\DX11\h</Filter>
    </ClInclude>
    <ClInclude Include="Source\DxLibrary\DX_Buffer.h">
      <Filter>ソース ファイル\DX11\h</Filter>
    </ClInclude>
    <ClInclude Include="Source\DxLibrary\DX_Audio.h">
      <Filter>ソース ファイル\DX11\h</Filter>
    </ClInclude>
    <ClInclude Include="Source\user_helper_class\ALManager.h">
      <Filter>ソース ファイル\Games</Filter>
    </ClInclude>
    <ClInclude Include="Source\user_helper_class\oggmanager.h">
      <Filter>ソース ファイル\Games</Filter>
    </ClInclude>
    <ClInclude Include="Source\user_helper_class\WAVManager.h">
      <Filter>ソース ファイル\Games</Filter>
    </ClInclude>
    <ClInclude Include="Source\ModelLoader\IEMLoader.h">
      <Filter>ソース ファイル\Games</Filter>
    </ClInclude>
    <ClInclude Include="Source\ModelLoader\imoloader.h">
      <Filter>ソース ファイル\Games</Filter>
    </ClInclude>
    <ClInclude Include="Source\DxLibrary\DX_Instance2DObject.h">
      <Filter>ソース ファイル\DX11\h</Filter>
    </ClInclude>
    <ClInclude Include="Source\DxLibrary\DX_Button.h">
      <Filter>ソース ファイル\DX11\h</Filter>
    </ClInclude>
    <ClInclude Include="Source\Games\SceneMenu\SceneMenu.h">
      <Filter>ソース ファイル\Games\SceneMenu</Filter>
    </ClInclude>
    <ClInclude Include="Source\Games\SceneTitle\SceneTitle.h">
      <Filter>ソース ファイル\Games\SceneTitle</Filter>
    </ClInclude>
    <ClInclude Include="Source\Games\SceneMain\BarrageBeam.h">
      <Filter>ソース ファイル\Games\SceneMain\Barrage</Filter>
    </ClInclude>
    <ClInclude Include="Source\Games\SceneMain\BarrageLaser.h">
      <Filter>ソース ファイル\Games\SceneMain\Barrage</Filter>
    </ClInclude>
    <ClInclude Include="Source\Games\SceneMain\BarrageManager.h">
      <Filter>ソース ファイル\Games\SceneMain\Barrage</Filter>
    </ClInclude>
    <ClInclude Include="Source\Games\SceneMain\BaseBarrage.h">
      <Filter>ソース ファイル\Games\SceneMain\Barrage</Filter>
    </ClInclude>
    <ClInclude Include="Source\Games\SceneMain\SceneMain.h">
      <Filter>ソース ファイル\Games\SceneMain</Filter>
    </ClInclude>
    <ClInclude Include="Source\Games\SceneMain\Player.h">
      <Filter>ソース ファイル\Games\SceneMain\Player</Filter>
    </ClInclude>
  </ItemGroup>
  <ItemGroup>
    <ClCompile Include="Source\DxLibrary\DX_Texture.cpp">
      <Filter>ソース ファイル\DX11\cpp</Filter>
    </ClCompile>
    <ClCompile Include="Source\DxLibrary\DX_Debug.cpp">
      <Filter>ソース ファイル\DX11\cpp</Filter>
    </ClCompile>
    <ClCompile Include="Source\DxLibrary\DX_2DObject.cpp">
      <Filter>ソース ファイル\DX11\cpp</Filter>
    </ClCompile>
    <ClCompile Include="Source\DxLibrary\DX_RenderState.cpp">
      <Filter>ソース ファイル\DX11\cpp</Filter>
    </ClCompile>
    <ClCompile Include="Source\DxLibrary\DX_Graphics.cpp">
      <Filter>ソース ファイル\DX11\cpp</Filter>
    </ClCompile>
    <ClCompile Include="Source\DxLibrary\DX_View.cpp">
      <Filter>ソース ファイル\DX11\cpp</Filter>
    </ClCompile>
    <ClCompile Include="Source\DxLibrary\DX_System.cpp">
      <Filter>ソース ファイル\DX11\cpp</Filter>
    </ClCompile>
    <ClCompile Include="Source\DxLibrary\DX_FrameWork.cpp">
      <Filter>ソース ファイル\DX11\cpp</Filter>
    </ClCompile>
    <ClCompile Include="Source\DxLibrary\DX_Shader.cpp">
      <Filter>ソース ファイル\DX11\cpp</Filter>
    </ClCompile>
    <ClCompile Include="Source\DxLibrary\DX_instanceSkinMesh.cpp">
      <Filter>ソース ファイル\DX11\cpp</Filter>
    </ClCompile>
    <ClCompile Include="Source\DxLibrary\DX_Lighting.cpp">
      <Filter>ソース ファイル\DX11\cpp</Filter>
    </ClCompile>
    <ClCompile Include="Source\DxLibrary\DX_Buffer.cpp">
      <Filter>ソース ファイル\DX11\cpp</Filter>
    </ClCompile>
    <ClCompile Include="Source\DxLibrary\DX_InstanceMesh.cpp">
      <Filter>ソース ファイル\DX11\cpp</Filter>
    </ClCompile>
    <ClCompile Include="Source\DxLibrary\DX_SkinMesh.cpp">
      <Filter>ソース ファイル\DX11\cpp</Filter>
    </ClCompile>
    <ClCompile Include="Source\DxLibrary\DX_Mesh.cpp">
      <Filter>ソース ファイル\DX11\cpp</Filter>
    </ClCompile>
    <ClCompile Include="Source\DxLibrary\DX_ShaderManager.cpp">
      <Filter>ソース ファイル\DX11\cpp</Filter>
    </ClCompile>
    <ClCompile Include="Source\DxLibrary\DX_ComputeShader.cpp">
      <Filter>ソース ファイル\DX11\cpp</Filter>
    </ClCompile>
    <ClCompile Include="Source\DxLibrary\DX_PixelShader.cpp">
      <Filter>ソース ファイル\DX11\cpp</Filter>
    </ClCompile>
    <ClCompile Include="Source\DxLibrary\DX_GeometryShader.cpp">
      <Filter>ソース ファイル\DX11\cpp</Filter>
    </ClCompile>
    <ClCompile Include="Source\DxLibrary\DX_VertexShader.cpp">
      <Filter>ソース ファイル\DX11\cpp</Filter>
    </ClCompile>
    <ClCompile Include="Source\DxLibrary\DX_Resource.cpp">
      <Filter>ソース ファイル\DX11\cpp</Filter>
    </ClCompile>
    <ClCompile Include="Source\DxLibrary\DX_SceneManager.cpp">
      <Filter>ソース ファイル\DX11\cpp</Filter>
    </ClCompile>
    <ClCompile Include="Source\DxLibrary\DX_XInput.cpp">
      <Filter>ソース ファイル\DX11\cpp</Filter>
    </ClCompile>
    <ClCompile Include="Source\DxLibrary\DX_ResourceManager.cpp">
      <Filter>ソース ファイル\DX11\cpp</Filter>
    </ClCompile>
    <ClCompile Include="Source\DxLibrary\DX_Particle.cpp">
      <Filter>ソース ファイル\DX11\cpp</Filter>
    </ClCompile>
    <ClCompile Include="Source\DxLibrary\DX_Input.cpp">
      <Filter>ソース ファイル\DX11\cpp</Filter>
    </ClCompile>
    <ClCompile Include="Source\DxLibrary\DX_GameObject.cpp">
      <Filter>ソース ファイル\DX11\cpp</Filter>
    </ClCompile>
    <ClCompile Include="Source\DxLibrary\DX_Font.cpp">
      <Filter>ソース ファイル\DX11\cpp</Filter>
    </ClCompile>
    <ClCompile Include="Source\DxLibrary\DX_Audio.cpp">
      <Filter>ソース ファイル\DX11\cpp</Filter>
    </ClCompile>
    <ClCompile Include="Source\user_helper_class\OGGManager.cpp">
      <Filter>ソース ファイル\Games</Filter>
    </ClCompile>
    <ClCompile Include="Source\user_helper_class\WAVManager.cpp">
      <Filter>ソース ファイル\Games</Filter>
    </ClCompile>
    <ClCompile Include="Source\ModelLoader\IEMLoader.cpp">
      <Filter>ソース ファイル\Games</Filter>
    </ClCompile>
    <ClCompile Include="Source\ModelLoader\IMOLoader.cpp">
      <Filter>ソース ファイル\Games</Filter>
    </ClCompile>
    <ClCompile Include="Source\DxLibrary\DX_Instance2DObject.cpp">
      <Filter>ソース ファイル\DX11\cpp</Filter>
    </ClCompile>
    <ClCompile Include="Source\DxLibrary\DX_Box.cpp">
      <Filter>ソース ファイル\DX11\cpp</Filter>
    </ClCompile>
    <ClCompile Include="Source\user_helper_class\ALManager.cpp">
      <Filter>ソース ファイル\Games</Filter>
    </ClCompile>
    <ClCompile Include="Source\DxLibrary\DX_Scene.cpp">
      <Filter>ソース ファイル\DX11\cpp</Filter>
    </ClCompile>
    <ClCompile Include="Source\DxLibrary\DX_Button.cpp">
      <Filter>ソース ファイル\DX11\cpp</Filter>
    </ClCompile>
    <ClCompile Include="Source\Games\SceneMenu\SceneMenu.cpp">
      <Filter>ソース ファイル\Games\SceneMenu</Filter>
    </ClCompile>
    <ClCompile Include="Source\Games\SceneTitle\SceneTitle.cpp">
      <Filter>ソース ファイル\Games\SceneTitle</Filter>
    </ClCompile>
    <ClCompile Include="Source\Games\SceneMain\BarrageBeam.cpp">
      <Filter>ソース ファイル\Games\SceneMain\Barrage</Filter>
    </ClCompile>
    <ClCompile Include="Source\Games\SceneMain\BarrageLaser.cpp">
      <Filter>ソース ファイル\Games\SceneMain\Barrage</Filter>
    </ClCompile>
    <ClCompile Include="Source\Games\SceneMain\BarrageManager.cpp">
      <Filter>ソース ファイル\Games\SceneMain\Barrage</Filter>
    </ClCompile>
    <ClCompile Include="Source\Games\SceneMain\BaseBarrage.cpp">
      <Filter>ソース ファイル\Games\SceneMain\Barrage</Filter>
    </ClCompile>
    <ClCompile Include="Source\Games\SceneMain\SceneMain.cpp">
      <Filter>ソース ファイル\Games\SceneMain</Filter>
    </ClCompile>
    <ClCompile Include="Source\Games\SceneMain\Player.cpp">
      <Filter>ソース ファイル\Games\SceneMain\Player</Filter>
    </ClCompile>
  </ItemGroup>
  <ItemGroup>
    <None Include="Source\ShaderFile\Default\PS_Object.hlsl">
      <Filter>ソース ファイル\Shader</Filter>
    </None>
    <None Include="Source\ShaderFile\Default\VS_Object.hlsl">
      <Filter>ソース ファイル\Shader</Filter>
    </None>
    <None Include="Source\ShaderFile\Default\PS_2DObject.hlsl">
      <Filter>ソース ファイル\Shader</Filter>
    </None>
    <None Include="Source\ShaderFile\Default\VS_2DObject.hlsl">
      <Filter>ソース ファイル\Shader</Filter>
    </None>
    <None Include="Source\ShaderFile\Default\VS_Instance2D.hlsl">
      <Filter>ソース ファイル\Shader</Filter>
    </None>
    <None Include="Source\ShaderFile\Default\GS_Object.hlsl" />
  </ItemGroup>
</Project>